
Microsoft Visual Studio Solution File, Format Version 12.00
# Visual Studio 2012
Project("{FAE04EC0-301F-11D3-BF4B-00C04F79EFBC}") = "Triggr", "Triggr\Triggr.csproj", "{5290F1D3-E38B-4C85-AAF9-8B3A95E6FF53}"
EndProject
Project("{FAE04EC0-301F-11D3-BF4B-00C04F79EFBC}") = "TriggrTests", "TriggrTests\TriggrTests.csproj", "{D7C8D359-E352-4FC7-B40D-646F2A9DD691}"
EndProject
Global
	GlobalSection(SolutionConfigurationPlatforms) = preSolution
		CD_ROM|Any CPU = CD_ROM|Any CPU
		CD_ROM|Mixed Platforms = CD_ROM|Mixed Platforms
		CD_ROM|x86 = CD_ROM|x86
		Debug|Any CPU = Debug|Any CPU
		Debug|Mixed Platforms = Debug|Mixed Platforms
		Debug|x86 = Debug|x86
		DVD-5|Any CPU = DVD-5|Any CPU
		DVD-5|Mixed Platforms = DVD-5|Mixed Platforms
		DVD-5|x86 = DVD-5|x86
		Release|Any CPU = Release|Any CPU
		Release|Mixed Platforms = Release|Mixed Platforms
		Release|x86 = Release|x86
		SingleImage|Any CPU = SingleImage|Any CPU
		SingleImage|Mixed Platforms = SingleImage|Mixed Platforms
		SingleImage|x86 = SingleImage|x86
	EndGlobalSection
	GlobalSection(ProjectConfigurationPlatforms) = postSolution
		{5290F1D3-E38B-4C85-AAF9-8B3A95E6FF53}.CD_ROM|Any CPU.ActiveCfg = Release|x86
		{5290F1D3-E38B-4C85-AAF9-8B3A95E6FF53}.CD_ROM|Mixed Platforms.ActiveCfg = Debug|x86
		{5290F1D3-E38B-4C85-AAF9-8B3A95E6FF53}.CD_ROM|Mixed Platforms.Build.0 = Debug|x86
		{5290F1D3-E38B-4C85-AAF9-8B3A95E6FF53}.CD_ROM|x86.ActiveCfg = Release|x86
		{5290F1D3-E38B-4C85-AAF9-8B3A95E6FF53}.CD_ROM|x86.Build.0 = Release|x86
		{5290F1D3-E38B-4C85-AAF9-8B3A95E6FF53}.Debug|Any CPU.ActiveCfg = Debug|x86
		{5290F1D3-E38B-4C85-AAF9-8B3A95E6FF53}.Debug|Mixed Platforms.ActiveCfg = Debug|x86
		{5290F1D3-E38B-4C85-AAF9-8B3A95E6FF53}.Debug|Mixed Platforms.Build.0 = Debug|x86
		{5290F1D3-E38B-4C85-AAF9-8B3A95E6FF53}.Debug|x86.ActiveCfg = Release|x86
		{5290F1D3-E38B-4C85-AAF9-8B3A95E6FF53}.Debug|x86.Build.0 = Release|x86
		{5290F1D3-E38B-4C85-AAF9-8B3A95E6FF53}.DVD-5|Any CPU.ActiveCfg = Debug|x86
		{5290F1D3-E38B-4C85-AAF9-8B3A95E6FF53}.DVD-5|Mixed Platforms.ActiveCfg = Debug|x86
		{5290F1D3-E38B-4C85-AAF9-8B3A95E6FF53}.DVD-5|Mixed Platforms.Build.0 = Debug|x86
		{5290F1D3-E38B-4C85-AAF9-8B3A95E6FF53}.DVD-5|x86.ActiveCfg = Debug|x86
		{5290F1D3-E38B-4C85-AAF9-8B3A95E6FF53}.DVD-5|x86.Build.0 = Debug|x86
		{5290F1D3-E38B-4C85-AAF9-8B3A95E6FF53}.Release|Any CPU.ActiveCfg = Release|x86
		{5290F1D3-E38B-4C85-AAF9-8B3A95E6FF53}.Release|Mixed Platforms.ActiveCfg = Release|x86
		{5290F1D3-E38B-4C85-AAF9-8B3A95E6FF53}.Release|Mixed Platforms.Build.0 = Release|x86
		{5290F1D3-E38B-4C85-AAF9-8B3A95E6FF53}.Release|x86.ActiveCfg = Release|x86
		{5290F1D3-E38B-4C85-AAF9-8B3A95E6FF53}.Release|x86.Build.0 = Release|x86
		{5290F1D3-E38B-4C85-AAF9-8B3A95E6FF53}.SingleImage|Any CPU.ActiveCfg = Release|x86
		{5290F1D3-E38B-4C85-AAF9-8B3A95E6FF53}.SingleImage|Mixed Platforms.ActiveCfg = Debug|x86
		{5290F1D3-E38B-4C85-AAF9-8B3A95E6FF53}.SingleImage|Mixed Platforms.Build.0 = Debug|x86
		{5290F1D3-E38B-4C85-AAF9-8B3A95E6FF53}.SingleImage|x86.ActiveCfg = Release|x86
		{5290F1D3-E38B-4C85-AAF9-8B3A95E6FF53}.SingleImage|x86.Build.0 = Release|x86
		{D7C8D359-E352-4FC7-B40D-646F2A9DD691}.CD_ROM|Any CPU.ActiveCfg = Release|Any CPU
		{D7C8D359-E352-4FC7-B40D-646F2A9DD691}.CD_ROM|Any CPU.Build.0 = Release|Any CPU
		{D7C8D359-E352-4FC7-B40D-646F2A9DD691}.CD_ROM|Mixed Platforms.ActiveCfg = Debug|Any CPU
		{D7C8D359-E352-4FC7-B40D-646F2A9DD691}.CD_ROM|Mixed Platforms.Build.0 = Debug|Any CPU
		{D7C8D359-E352-4FC7-B40D-646F2A9DD691}.CD_ROM|x86.ActiveCfg = Release|Any CPU
		{D7C8D359-E352-4FC7-B40D-646F2A9DD691}.Debug|Any CPU.ActiveCfg = Debug|Any CPU
		{D7C8D359-E352-4FC7-B40D-646F2A9DD691}.Debug|Any CPU.Build.0 = Debug|Any CPU
		{D7C8D359-E352-4FC7-B40D-646F2A9DD691}.Debug|Mixed Platforms.ActiveCfg = Debug|Any CPU
		{D7C8D359-E352-4FC7-B40D-646F2A9DD691}.Debug|Mixed Platforms.Build.0 = Debug|Any CPU
		{D7C8D359-E352-4FC7-B40D-646F2A9DD691}.Debug|x86.ActiveCfg = Debug|Any CPU
		{D7C8D359-E352-4FC7-B40D-646F2A9DD691}.DVD-5|Any CPU.ActiveCfg = Debug|Any CPU
		{D7C8D359-E352-4FC7-B40D-646F2A9DD691}.DVD-5|Any CPU.Build.0 = Debug|Any CPU
		{D7C8D359-E352-4FC7-B40D-646F2A9DD691}.DVD-5|Mixed Platforms.ActiveCfg = Debug|Any CPU
		{D7C8D359-E352-4FC7-B40D-646F2A9DD691}.DVD-5|Mixed Platforms.Build.0 = Debug|Any CPU
		{D7C8D359-E352-4FC7-B40D-646F2A9DD691}.DVD-5|x86.ActiveCfg = Debug|Any CPU
		{D7C8D359-E352-4FC7-B40D-646F2A9DD691}.Release|Any CPU.ActiveCfg = Release|Any CPU
		{D7C8D359-E352-4FC7-B40D-646F2A9DD691}.Release|Any CPU.Build.0 = Release|Any CPU
		{D7C8D359-E352-4FC7-B40D-646F2A9DD691}.Release|Mixed Platforms.ActiveCfg = Release|Any CPU
		{D7C8D359-E352-4FC7-B40D-646F2A9DD691}.Release|Mixed Platforms.Build.0 = Release|Any CPU
		{D7C8D359-E352-4FC7-B40D-646F2A9DD691}.Release|x86.ActiveCfg = Release|Any CPU
		{D7C8D359-E352-4FC7-B40D-646F2A9DD691}.SingleImage|Any CPU.ActiveCfg = Release|Any CPU
		{D7C8D359-E352-4FC7-B40D-646F2A9DD691}.SingleImage|Any CPU.Build.0 = Release|Any CPU
		{D7C8D359-E352-4FC7-B40D-646F2A9DD691}.SingleImage|Mixed Platforms.ActiveCfg = Debug|Any CPU
		{D7C8D359-E352-4FC7-B40D-646F2A9DD691}.SingleImage|Mixed Platforms.Build.0 = Debug|Any CPU
		{D7C8D359-E352-4FC7-B40D-646F2A9DD691}.SingleImage|x86.ActiveCfg = Release|Any CPU
	EndGlobalSection
	GlobalSection(SolutionProperties) = preSolution
		HideSolutionNode = FALSE
	EndGlobalSection
EndGlobal
